
Microsoft Visual Studio Solution File, Format Version 12.00
# Visual Studio Version 16
VisualStudioVersion = 16.0.30011.22
MinimumVisualStudioVersion = 10.0.40219.1
Project("{FAE04EC0-301F-11D3-BF4B-00C04F79EFBC}") = "ProyectoProgramacion", "ProyectoProgramacion\ProyectoProgramacion.csproj", "{75D9FC99-47D5-49B4-8E00-81660BC750EE}"
EndProject
Global
	GlobalSection(SolutionConfigurationPlatforms) = preSolution
		Debug|Any CPU = Debug|Any CPU
		Release|Any CPU = Release|Any CPU
	EndGlobalSection
	GlobalSection(ProjectConfigurationPlatforms) = postSolution
		{75D9FC99-47D5-49B4-8E00-81660BC750EE}.Debug|Any CPU.ActiveCfg = Debug|Any CPU
		{75D9FC99-47D5-49B4-8E00-81660BC750EE}.Debug|Any CPU.Build.0 = Debug|Any CPU
		{75D9FC99-47D5-49B4-8E00-81660BC750EE}.Release|Any CPU.ActiveCfg = Release|Any CPU
		{75D9FC99-47D5-49B4-8E00-81660BC750EE}.Release|Any CPU.Build.0 = Release|Any CPU
	EndGlobalSection
	GlobalSection(SolutionProperties) = preSolution
		HideSolutionNode = FALSE
	EndGlobalSection
	GlobalSection(ExtensibilityGlobals) = postSolution
		SolutionGuid = {8C2640B5-F6A1-491A-833E-8CE9E636AC96}
	EndGlobalSection
EndGlobal
